
Microsoft Visual Studio Solution File, Format Version 12.00
# Visual Studio Version 17
VisualStudioVersion = 17.13.35806.99 d17.13
MinimumVisualStudioVersion = 10.0.40219.1
Project("{FAE04EC0-301F-11D3-BF4B-00C04F79EFBC}") = "LoginSteam", "LoginSteam\LoginSteam.csproj", "{0B23A000-2E73-4635-A310-019520FA2BFB}"
EndProject
Global
	GlobalSection(SolutionConfigurationPlatforms) = preSolution
		Debug|Any CPU = Debug|Any CPU
		Release|Any CPU = Release|Any CPU
	EndGlobalSection
	GlobalSection(ProjectConfigurationPlatforms) = postSolution
		{0B23A000-2E73-4635-A310-019520FA2BFB}.Debug|Any CPU.ActiveCfg = Debug|Any CPU
		{0B23A000-2E73-4635-A310-019520FA2BFB}.Debug|Any CPU.Build.0 = Debug|Any CPU
		{0B23A000-2E73-4635-A310-019520FA2BFB}.Release|Any CPU.ActiveCfg = Release|Any CPU
		{0B23A000-2E73-4635-A310-019520FA2BFB}.Release|Any CPU.Build.0 = Release|Any CPU
	EndGlobalSection
	GlobalSection(SolutionProperties) = preSolution
		HideSolutionNode = FALSE
	EndGlobalSection
	GlobalSection(ExtensibilityGlobals) = postSolution
		SolutionGuid = {CFF1D912-1E91-4B75-8922-92B8B561E8BF}
	EndGlobalSection
EndGlobal
