
Microsoft Visual Studio Solution File, Format Version 12.00
# Visual Studio Version 17
VisualStudioVersion = 17.13.35806.99 d17.13
MinimumVisualStudioVersion = 10.0.40219.1
Project("{FAE04EC0-301F-11D3-BF4B-00C04F79EFBC}") = "nprimos", "nprimos.csproj", "{BB7FA4C0-4ED0-47BA-9F4C-95D0EB9B220D}"
EndProject
Global
	GlobalSection(SolutionConfigurationPlatforms) = preSolution
		Debug|Any CPU = Debug|Any CPU
		Release|Any CPU = Release|Any CPU
	EndGlobalSection
	GlobalSection(ProjectConfigurationPlatforms) = postSolution
		{BB7FA4C0-4ED0-47BA-9F4C-95D0EB9B220D}.Debug|Any CPU.ActiveCfg = Debug|Any CPU
		{BB7FA4C0-4ED0-47BA-9F4C-95D0EB9B220D}.Debug|Any CPU.Build.0 = Debug|Any CPU
		{BB7FA4C0-4ED0-47BA-9F4C-95D0EB9B220D}.Release|Any CPU.ActiveCfg = Release|Any CPU
		{BB7FA4C0-4ED0-47BA-9F4C-95D0EB9B220D}.Release|Any CPU.Build.0 = Release|Any CPU
	EndGlobalSection
	GlobalSection(SolutionProperties) = preSolution
		HideSolutionNode = FALSE
	EndGlobalSection
	GlobalSection(ExtensibilityGlobals) = postSolution
		SolutionGuid = {AAC14420-EBC7-4F22-B77E-29F465BADD03}
	EndGlobalSection
EndGlobal
