
Microsoft Visual Studio Solution File, Format Version 12.00
# Visual Studio Version 17
VisualStudioVersion = 17.13.35825.156 d17.13
MinimumVisualStudioVersion = 10.0.40219.1
Project("{FAE04EC0-301F-11D3-BF4B-00C04F79EFBC}") = "Forms1_DPL2025", "Forms1_DPL2025.csproj", "{82CEF335-B621-491F-9450-DE598CB9D10B}"
EndProject
Global
	GlobalSection(SolutionConfigurationPlatforms) = preSolution
		Debug|Any CPU = Debug|Any CPU
		Release|Any CPU = Release|Any CPU
	EndGlobalSection
	GlobalSection(ProjectConfigurationPlatforms) = postSolution
		{82CEF335-B621-491F-9450-DE598CB9D10B}.Debug|Any CPU.ActiveCfg = Debug|Any CPU
		{82CEF335-B621-491F-9450-DE598CB9D10B}.Debug|Any CPU.Build.0 = Debug|Any CPU
		{82CEF335-B621-491F-9450-DE598CB9D10B}.Release|Any CPU.ActiveCfg = Release|Any CPU
		{82CEF335-B621-491F-9450-DE598CB9D10B}.Release|Any CPU.Build.0 = Release|Any CPU
	EndGlobalSection
	GlobalSection(SolutionProperties) = preSolution
		HideSolutionNode = FALSE
	EndGlobalSection
	GlobalSection(ExtensibilityGlobals) = postSolution
		SolutionGuid = {B503C791-169D-49E6-9B7E-ADB0DB9DEC06}
	EndGlobalSection
EndGlobal
