
Microsoft Visual Studio Solution File, Format Version 12.00
# Visual Studio Version 17
VisualStudioVersion = 17.13.35806.99 d17.13
MinimumVisualStudioVersion = 10.0.40219.1
Project("{FAE04EC0-301F-11D3-BF4B-00C04F79EFBC}") = "arquivohash", "arquivohash.csproj", "{5BAACA17-E13D-4168-9343-0FF0F3AD010E}"
EndProject
Global
	GlobalSection(SolutionConfigurationPlatforms) = preSolution
		Debug|Any CPU = Debug|Any CPU
		Release|Any CPU = Release|Any CPU
	EndGlobalSection
	GlobalSection(ProjectConfigurationPlatforms) = postSolution
		{5BAACA17-E13D-4168-9343-0FF0F3AD010E}.Debug|Any CPU.ActiveCfg = Debug|Any CPU
		{5BAACA17-E13D-4168-9343-0FF0F3AD010E}.Debug|Any CPU.Build.0 = Debug|Any CPU
		{5BAACA17-E13D-4168-9343-0FF0F3AD010E}.Release|Any CPU.ActiveCfg = Release|Any CPU
		{5BAACA17-E13D-4168-9343-0FF0F3AD010E}.Release|Any CPU.Build.0 = Release|Any CPU
	EndGlobalSection
	GlobalSection(SolutionProperties) = preSolution
		HideSolutionNode = FALSE
	EndGlobalSection
	GlobalSection(ExtensibilityGlobals) = postSolution
		SolutionGuid = {88A7EAEE-598D-4CC5-B021-AC8D09E31A75}
	EndGlobalSection
EndGlobal
